
Microsoft Visual Studio Solution File, Format Version 12.00
# Visual Studio Version 16
VisualStudioVersion = 16.0.30611.23
MinimumVisualStudioVersion = 10.0.40219.1
Project("{9A19103F-16F7-4668-BE54-9A1E7A4F7556}") = "Apprise.NET", "Apprise.NET\Apprise.NET.csproj", "{0A454A30-C2AB-4BC5-B464-E078998B3F85}"
EndProject
Project("{FAE04EC0-301F-11D3-BF4B-00C04F79EFBC}") = "Apprise.NET.Sample", "Apprise.NET.Sample\Apprise.NET.Sample.csproj", "{06267DBC-DB6E-45D1-9041-93675D76C381}"
EndProject
Global
	GlobalSection(SolutionConfigurationPlatforms) = preSolution
		Debug|Any CPU = Debug|Any CPU
		Release|Any CPU = Release|Any CPU
	EndGlobalSection
	GlobalSection(ProjectConfigurationPlatforms) = postSolution
		{0A454A30-C2AB-4BC5-B464-E078998B3F85}.Debug|Any CPU.ActiveCfg = Debug|Any CPU
		{0A454A30-C2AB-4BC5-B464-E078998B3F85}.Debug|Any CPU.Build.0 = Debug|Any CPU
		{0A454A30-C2AB-4BC5-B464-E078998B3F85}.Release|Any CPU.ActiveCfg = Release|Any CPU
		{0A454A30-C2AB-4BC5-B464-E078998B3F85}.Release|Any CPU.Build.0 = Release|Any CPU
		{06267DBC-DB6E-45D1-9041-93675D76C381}.Debug|Any CPU.ActiveCfg = Debug|Any CPU
		{06267DBC-DB6E-45D1-9041-93675D76C381}.Debug|Any CPU.Build.0 = Debug|Any CPU
		{06267DBC-DB6E-45D1-9041-93675D76C381}.Release|Any CPU.ActiveCfg = Release|Any CPU
		{06267DBC-DB6E-45D1-9041-93675D76C381}.Release|Any CPU.Build.0 = Release|Any CPU
	EndGlobalSection
	GlobalSection(SolutionProperties) = preSolution
		HideSolutionNode = FALSE
	EndGlobalSection
	GlobalSection(ExtensibilityGlobals) = postSolution
		SolutionGuid = {6533D417-CCC8-4F02-86B3-114DE58CEC2D}
	EndGlobalSection
EndGlobal
